
Microsoft Visual Studio Solution File, Format Version 12.00
# Visual Studio Version 17
VisualStudioVersion = 17.11.35303.130
MinimumVisualStudioVersion = 10.0.40219.1
Project("{FAE04EC0-301F-11D3-BF4B-00C04F79EFBC}") = "SMS_Test", "SMS_Test.csproj", "{D034358F-1422-4397-B16D-5B0B8908D520}"
EndProject
Global
	GlobalSection(SolutionConfigurationPlatforms) = preSolution
		Debug|Any CPU = Debug|Any CPU
		Release|Any CPU = Release|Any CPU
	EndGlobalSection
	GlobalSection(ProjectConfigurationPlatforms) = postSolution
		{D034358F-1422-4397-B16D-5B0B8908D520}.Debug|Any CPU.ActiveCfg = Debug|Any CPU
		{D034358F-1422-4397-B16D-5B0B8908D520}.Debug|Any CPU.Build.0 = Debug|Any CPU
		{D034358F-1422-4397-B16D-5B0B8908D520}.Release|Any CPU.ActiveCfg = Release|Any CPU
		{D034358F-1422-4397-B16D-5B0B8908D520}.Release|Any CPU.Build.0 = Release|Any CPU
	EndGlobalSection
	GlobalSection(SolutionProperties) = preSolution
		HideSolutionNode = FALSE
	EndGlobalSection
	GlobalSection(ExtensibilityGlobals) = postSolution
		SolutionGuid = {1966A221-5596-4E51-992A-99A7943009C1}
	EndGlobalSection
EndGlobal
